// !$*UTF8*$!
{
	archiveVersion = 1;
	classes = {
	};
	objectVersion = 50;
	objects = {

/* Begin PBXBuildFile section */
		F1324E6B2420CAF1006C6F99 /* StopWatchPresenter.swift in Sources */ = {isa = PBXBuildFile; fileRef = F1324E6A2420CAF1006C6F99 /* StopWatchPresenter.swift */; };
		F13997112432338B005CFC67 /* Tag.swift in Sources */ = {isa = PBXBuildFile; fileRef = F13997102432338B005CFC67 /* Tag.swift */; };
		F139971324323460005CFC67 /* Job.swift in Sources */ = {isa = PBXBuildFile; fileRef = F139971224323460005CFC67 /* Job.swift */; };
		F139971524323958005CFC67 /* MainViewController.swift in Sources */ = {isa = PBXBuildFile; fileRef = F139971424323958005CFC67 /* MainViewController.swift */; };
		F1399717243240F8005CFC67 /* EntryViewController.swift in Sources */ = {isa = PBXBuildFile; fileRef = F1399716243240F8005CFC67 /* EntryViewController.swift */; };
		F13BC3832420021D00CAFD46 /* AppDelegate.swift in Sources */ = {isa = PBXBuildFile; fileRef = F13BC3822420021D00CAFD46 /* AppDelegate.swift */; };
		F13BC3852420021D00CAFD46 /* SceneDelegate.swift in Sources */ = {isa = PBXBuildFile; fileRef = F13BC3842420021D00CAFD46 /* SceneDelegate.swift */; };
		F13BC38A2420021D00CAFD46 /* Main.storyboard in Resources */ = {isa = PBXBuildFile; fileRef = F13BC3882420021D00CAFD46 /* Main.storyboard */; };
		F13BC38C2420022100CAFD46 /* Assets.xcassets in Resources */ = {isa = PBXBuildFile; fileRef = F13BC38B2420022100CAFD46 /* Assets.xcassets */; };
		F13BC38F2420022100CAFD46 /* LaunchScreen.storyboard in Resources */ = {isa = PBXBuildFile; fileRef = F13BC38D2420022100CAFD46 /* LaunchScreen.storyboard */; };
		F13BC39D2420076200CAFD46 /* jobics_trackerTests.swift in Sources */ = {isa = PBXBuildFile; fileRef = F13BC39C2420076200CAFD46 /* jobics_trackerTests.swift */; };
		F13BC3BC242010CD00CAFD46 /* TimeStamp.swift in Sources */ = {isa = PBXBuildFile; fileRef = F13BC3BB242010CD00CAFD46 /* TimeStamp.swift */; };
		F1B8B78E24769CDB00847CFF /* Realm.framework in Frameworks */ = {isa = PBXBuildFile; fileRef = F1B8B78B24769C2C00847CFF /* Realm.framework */; };
		F1B8B78F24769CDB00847CFF /* Realm.framework in Embed Frameworks */ = {isa = PBXBuildFile; fileRef = F1B8B78B24769C2C00847CFF /* Realm.framework */; settings = {ATTRIBUTES = (CodeSignOnCopy, RemoveHeadersOnCopy, ); }; };
		F1B8B79024769CDD00847CFF /* RealmSwift.framework in Frameworks */ = {isa = PBXBuildFile; fileRef = F1B8B78A24769C2900847CFF /* RealmSwift.framework */; };
		F1B8B79124769CDD00847CFF /* RealmSwift.framework in Embed Frameworks */ = {isa = PBXBuildFile; fileRef = F1B8B78A24769C2900847CFF /* RealmSwift.framework */; settings = {ATTRIBUTES = (CodeSignOnCopy, RemoveHeadersOnCopy, ); }; };
/* End PBXBuildFile section */

/* Begin PBXContainerItemProxy section */
		F13BC39F2420076300CAFD46 /* PBXContainerItemProxy */ = {
			isa = PBXContainerItemProxy;
			containerPortal = F13BC3772420021D00CAFD46 /* Project object */;
			proxyType = 1;
			remoteGlobalIDString = F13BC37E2420021D00CAFD46;
			remoteInfo = "jobics-tracker";
		};
/* End PBXContainerItemProxy section */

/* Begin PBXCopyFilesBuildPhase section */
		F13BC3B2242009AD00CAFD46 /* Embed Frameworks */ = {
			isa = PBXCopyFilesBuildPhase;
			buildActionMask = 2147483647;
			dstPath = "";
			dstSubfolderSpec = 10;
			files = (
				F1B8B79124769CDD00847CFF /* RealmSwift.framework in Embed Frameworks */,
				F1B8B78F24769CDB00847CFF /* Realm.framework in Embed Frameworks */,
			);
			name = "Embed Frameworks";
			runOnlyForDeploymentPostprocessing = 0;
		};
/* End PBXCopyFilesBuildPhase section */

/* Begin PBXFileReference section */
		F1324E6A2420CAF1006C6F99 /* StopWatchPresenter.swift */ = {isa = PBXFileReference; lastKnownFileType = sourcecode.swift; path = StopWatchPresenter.swift; sourceTree = "<group>"; };
		F13997102432338B005CFC67 /* Tag.swift */ = {isa = PBXFileReference; lastKnownFileType = sourcecode.swift; path = Tag.swift; sourceTree = "<group>"; };
		F139971224323460005CFC67 /* Job.swift */ = {isa = PBXFileReference; lastKnownFileType = sourcecode.swift; path = Job.swift; sourceTree = "<group>"; };
		F139971424323958005CFC67 /* MainViewController.swift */ = {isa = PBXFileReference; lastKnownFileType = sourcecode.swift; path = MainViewController.swift; sourceTree = "<group>"; };
		F1399716243240F8005CFC67 /* EntryViewController.swift */ = {isa = PBXFileReference; lastKnownFileType = sourcecode.swift; path = EntryViewController.swift; sourceTree = "<group>"; };
		F13BC37F2420021D00CAFD46 /* jobics-tracker.app */ = {isa = PBXFileReference; explicitFileType = wrapper.application; includeInIndex = 0; path = "jobics-tracker.app"; sourceTree = BUILT_PRODUCTS_DIR; };
		F13BC3822420021D00CAFD46 /* AppDelegate.swift */ = {isa = PBXFileReference; lastKnownFileType = sourcecode.swift; path = AppDelegate.swift; sourceTree = "<group>"; };
		F13BC3842420021D00CAFD46 /* SceneDelegate.swift */ = {isa = PBXFileReference; lastKnownFileType = sourcecode.swift; path = SceneDelegate.swift; sourceTree = "<group>"; };
		F13BC3892420021D00CAFD46 /* Base */ = {isa = PBXFileReference; lastKnownFileType = file.storyboard; name = Base; path = Base.lproj/Main.storyboard; sourceTree = "<group>"; };
		F13BC38B2420022100CAFD46 /* Assets.xcassets */ = {isa = PBXFileReference; lastKnownFileType = folder.assetcatalog; path = Assets.xcassets; sourceTree = "<group>"; };
		F13BC38E2420022100CAFD46 /* Base */ = {isa = PBXFileReference; lastKnownFileType = file.storyboard; name = Base; path = Base.lproj/LaunchScreen.storyboard; sourceTree = "<group>"; };
		F13BC3902420022100CAFD46 /* Info.plist */ = {isa = PBXFileReference; lastKnownFileType = text.plist.xml; path = Info.plist; sourceTree = "<group>"; };
		F13BC39A2420076200CAFD46 /* jobics-trackerTests.xctest */ = {isa = PBXFileReference; explicitFileType = wrapper.cfbundle; includeInIndex = 0; path = "jobics-trackerTests.xctest"; sourceTree = BUILT_PRODUCTS_DIR; };
		F13BC39C2420076200CAFD46 /* jobics_trackerTests.swift */ = {isa = PBXFileReference; lastKnownFileType = sourcecode.swift; path = jobics_trackerTests.swift; sourceTree = "<group>"; };
		F13BC39E2420076300CAFD46 /* Info.plist */ = {isa = PBXFileReference; lastKnownFileType = text.plist.xml; path = Info.plist; sourceTree = "<group>"; };
		F13BC3A5242007DD00CAFD46 /* RealmSwift.framework */ = {isa = PBXFileReference; lastKnownFileType = wrapper.framework; name = RealmSwift.framework; path = "../../Downloads/realm-swift-4.3-2.2/ios/swift-11.3/RealmSwift.framework"; sourceTree = "<group>"; };
		F13BC3BB242010CD00CAFD46 /* TimeStamp.swift */ = {isa = PBXFileReference; lastKnownFileType = sourcecode.swift; path = TimeStamp.swift; sourceTree = "<group>"; };
		F1B8B78A24769C2900847CFF /* RealmSwift.framework */ = {isa = PBXFileReference; lastKnownFileType = wrapper.framework; path = RealmSwift.framework; sourceTree = "<group>"; };
		F1B8B78B24769C2C00847CFF /* Realm.framework */ = {isa = PBXFileReference; lastKnownFileType = wrapper.framework; path = Realm.framework; sourceTree = "<group>"; };
/* End PBXFileReference section */

/* Begin PBXFrameworksBuildPhase section */
		F13BC37C2420021D00CAFD46 /* Frameworks */ = {
			isa = PBXFrameworksBuildPhase;
			buildActionMask = 2147483647;
			files = (
				F1B8B79024769CDD00847CFF /* RealmSwift.framework in Frameworks */,
				F1B8B78E24769CDB00847CFF /* Realm.framework in Frameworks */,
			);
			runOnlyForDeploymentPostprocessing = 0;
		};
		F13BC3972420076200CAFD46 /* Frameworks */ = {
			isa = PBXFrameworksBuildPhase;
			buildActionMask = 2147483647;
			files = (
			);
			runOnlyForDeploymentPostprocessing = 0;
		};
/* End PBXFrameworksBuildPhase section */

/* Begin PBXGroup section */
		F13BC3762420021D00CAFD46 = {
			isa = PBXGroup;
			children = (
				F1B8B78B24769C2C00847CFF /* Realm.framework */,
				F1B8B78A24769C2900847CFF /* RealmSwift.framework */,
				F13BC3812420021D00CAFD46 /* jobics-tracker */,
				F13BC39B2420076200CAFD46 /* jobics-trackerTests */,
				F13BC3802420021D00CAFD46 /* Products */,
				F13BC3A4242007DD00CAFD46 /* Frameworks */,
			);
			sourceTree = "<group>";
		};
		F13BC3802420021D00CAFD46 /* Products */ = {
			isa = PBXGroup;
			children = (
				F13BC37F2420021D00CAFD46 /* jobics-tracker.app */,
				F13BC39A2420076200CAFD46 /* jobics-trackerTests.xctest */,
			);
			name = Products;
			sourceTree = "<group>";
		};
		F13BC3812420021D00CAFD46 /* jobics-tracker */ = {
			isa = PBXGroup;
			children = (
				F13BC3BA24200BF200CAFD46 /* View */,
				F13BC3B924200BDD00CAFD46 /* Presenter */,
				F13BC3B624200B7C00CAFD46 /* Model */,
				F13BC3822420021D00CAFD46 /* AppDelegate.swift */,
				F13BC3842420021D00CAFD46 /* SceneDelegate.swift */,
				F13BC3882420021D00CAFD46 /* Main.storyboard */,
				F13BC38B2420022100CAFD46 /* Assets.xcassets */,
				F13BC38D2420022100CAFD46 /* LaunchScreen.storyboard */,
				F13BC3902420022100CAFD46 /* Info.plist */,
			);
			path = "jobics-tracker";
			sourceTree = "<group>";
		};
		F13BC39B2420076200CAFD46 /* jobics-trackerTests */ = {
			isa = PBXGroup;
			children = (
				F13BC39C2420076200CAFD46 /* jobics_trackerTests.swift */,
				F13BC39E2420076300CAFD46 /* Info.plist */,
			);
			path = "jobics-trackerTests";
			sourceTree = "<group>";
		};
		F13BC3A4242007DD00CAFD46 /* Frameworks */ = {
			isa = PBXGroup;
			children = (
				F13BC3A5242007DD00CAFD46 /* RealmSwift.framework */,
			);
			name = Frameworks;
			sourceTree = "<group>";
		};
		F13BC3B624200B7C00CAFD46 /* Model */ = {
			isa = PBXGroup;
			children = (
				F13BC3BB242010CD00CAFD46 /* TimeStamp.swift */,
				F13997102432338B005CFC67 /* Tag.swift */,
				F139971224323460005CFC67 /* Job.swift */,
			);
			path = Model;
			sourceTree = "<group>";
		};
		F13BC3B924200BDD00CAFD46 /* Presenter */ = {
			isa = PBXGroup;
			children = (
				F1324E6A2420CAF1006C6F99 /* StopWatchPresenter.swift */,
			);
			path = Presenter;
			sourceTree = "<group>";
		};
		F13BC3BA24200BF200CAFD46 /* View */ = {
			isa = PBXGroup;
			children = (
				F139971424323958005CFC67 /* MainViewController.swift */,
				F1399716243240F8005CFC67 /* EntryViewController.swift */,
			);
			path = View;
			sourceTree = "<group>";
		};
/* End PBXGroup section */

/* Begin PBXNativeTarget section */
		F13BC37E2420021D00CAFD46 /* jobics-tracker */ = {
			isa = PBXNativeTarget;
			buildConfigurationList = F13BC3932420022100CAFD46 /* Build configuration list for PBXNativeTarget "jobics-tracker" */;
			buildPhases = (
				F13BC37B2420021D00CAFD46 /* Sources */,
				F13BC37C2420021D00CAFD46 /* Frameworks */,
				F13BC37D2420021D00CAFD46 /* Resources */,
				F13BC3B2242009AD00CAFD46 /* Embed Frameworks */,
				F13BC3B524200ADC00CAFD46 /* ShellScript */,
			);
			buildRules = (
			);
			dependencies = (
			);
			name = "jobics-tracker";
			productName = "jobics-tracker";
			productReference = F13BC37F2420021D00CAFD46 /* jobics-tracker.app */;
			productType = "com.apple.product-type.application";
		};
		F13BC3992420076200CAFD46 /* jobics-trackerTests */ = {
			isa = PBXNativeTarget;
			buildConfigurationList = F13BC3A32420076300CAFD46 /* Build configuration list for PBXNativeTarget "jobics-trackerTests" */;
			buildPhases = (
				F13BC3962420076200CAFD46 /* Sources */,
				F13BC3972420076200CAFD46 /* Frameworks */,
				F13BC3982420076200CAFD46 /* Resources */,
			);
			buildRules = (
			);
			dependencies = (
				F13BC3A02420076300CAFD46 /* PBXTargetDependency */,
			);
			name = "jobics-trackerTests";
			productName = "jobics-trackerTests";
			productReference = F13BC39A2420076200CAFD46 /* jobics-trackerTests.xctest */;
			productType = "com.apple.product-type.bundle.unit-test";
		};
/* End PBXNativeTarget section */

/* Begin PBXProject section */
		F13BC3772420021D00CAFD46 /* Project object */ = {
			isa = PBXProject;
			attributes = {
				LastSwiftUpdateCheck = 1130;
				LastUpgradeCheck = 1130;
				ORGANIZATIONNAME = "Dmitrii Trifonov";
				TargetAttributes = {
					F13BC37E2420021D00CAFD46 = {
						CreatedOnToolsVersion = 11.3.1;
					};
					F13BC3992420076200CAFD46 = {
						CreatedOnToolsVersion = 11.3.1;
						TestTargetID = F13BC37E2420021D00CAFD46;
					};
				};
			};
			buildConfigurationList = F13BC37A2420021D00CAFD46 /* Build configuration list for PBXProject "jobics-tracker" */;
			compatibilityVersion = "Xcode 9.3";
			developmentRegion = en;
			hasScannedForEncodings = 0;
			knownRegions = (
				en,
				Base,
			);
			mainGroup = F13BC3762420021D00CAFD46;
			productRefGroup = F13BC3802420021D00CAFD46 /* Products */;
			projectDirPath = "";
			projectRoot = "";
			targets = (
				F13BC37E2420021D00CAFD46 /* jobics-tracker */,
				F13BC3992420076200CAFD46 /* jobics-trackerTests */,
			);
		};
/* End PBXProject section */

/* Begin PBXResourcesBuildPhase section */
		F13BC37D2420021D00CAFD46 /* Resources */ = {
			isa = PBXResourcesBuildPhase;
			buildActionMask = 2147483647;
			files = (
				F13BC38F2420022100CAFD46 /* LaunchScreen.storyboard in Resources */,
				F13BC38C2420022100CAFD46 /* Assets.xcassets in Resources */,
				F13BC38A2420021D00CAFD46 /* Main.storyboard in Resources */,
			);
			runOnlyForDeploymentPostprocessing = 0;
		};
		F13BC3982420076200CAFD46 /* Resources */ = {
			isa = PBXResourcesBuildPhase;
			buildActionMask = 2147483647;
			files = (
			);
			runOnlyForDeploymentPostprocessing = 0;
		};
/* End PBXResourcesBuildPhase section */

/* Begin PBXShellScriptBuildPhase section */
		F13BC3B524200ADC00CAFD46 /* ShellScript */ = {
			isa = PBXShellScriptBuildPhase;
			buildActionMask = 2147483647;
			files = (
			);
			inputFileListPaths = (
			);
			inputPaths = (
			);
			outputFileListPaths = (
			);
			outputPaths = (
			);
			runOnlyForDeploymentPostprocessing = 0;
			shellPath = /bin/sh;
			shellScript = "bash \"${BUILT_PRODUCTS_DIR}/${FRAMEWORKS_FOLDER_PATH}/Realm.framework/strip-frameworks.sh\"\n";
		};
/* End PBXShellScriptBuildPhase section */

/* Begin PBXSourcesBuildPhase section */
		F13BC37B2420021D00CAFD46 /* Sources */ = {
			isa = PBXSourcesBuildPhase;
			buildActionMask = 2147483647;
			files = (
				F13997112432338B005CFC67 /* Tag.swift in Sources */,
				F13BC3832420021D00CAFD46 /* AppDelegate.swift in Sources */,
				F13BC3BC242010CD00CAFD46 /* TimeStamp.swift in Sources */,
				F13BC3852420021D00CAFD46 /* SceneDelegate.swift in Sources */,
				F1399717243240F8005CFC67 /* EntryViewController.swift in Sources */,
				F139971324323460005CFC67 /* Job.swift in Sources */,
				F1324E6B2420CAF1006C6F99 /* StopWatchPresenter.swift in Sources */,
				F139971524323958005CFC67 /* MainViewController.swift in Sources */,
			);
			runOnlyForDeploymentPostprocessing = 0;
		};
		F13BC3962420076200CAFD46 /* Sources */ = {
			isa = PBXSourcesBuildPhase;
			buildActionMask = 2147483647;
			files = (
				F13BC39D2420076200CAFD46 /* jobics_trackerTests.swift in Sources */,
			);
			runOnlyForDeploymentPostprocessing = 0;
		};
/* End PBXSourcesBuildPhase section */

/* Begin PBXTargetDependency section */
		F13BC3A02420076300CAFD46 /* PBXTargetDependency */ = {
			isa = PBXTargetDependency;
			target = F13BC37E2420021D00CAFD46 /* jobics-tracker */;
			targetProxy = F13BC39F2420076300CAFD46 /* PBXContainerItemProxy */;
		};
/* End PBXTargetDependency section */

/* Begin PBXVariantGroup section */
		F13BC3882420021D00CAFD46 /* Main.storyboard */ = {
			isa = PBXVariantGroup;
			children = (
				F13BC3892420021D00CAFD46 /* Base */,
			);
			name = Main.storyboard;
			sourceTree = "<group>";
		};
		F13BC38D2420022100CAFD46 /* LaunchScreen.storyboard */ = {
			isa = PBXVariantGroup;
			children = (
				F13BC38E2420022100CAFD46 /* Base */,
			);
			name = LaunchScreen.storyboard;
			sourceTree = "<group>";
		};
/* End PBXVariantGroup section */

/* Begin XCBuildConfiguration section */
		F13BC3912420022100CAFD46 /* Debug */ = {
			isa = XCBuildConfiguration;
			buildSettings = {
				ALWAYS_SEARCH_USER_PATHS = NO;
				CLANG_ANALYZER_NONNULL = YES;
				CLANG_ANALYZER_NUMBER_OBJECT_CONVERSION = YES_AGGRESSIVE;
				CLANG_CXX_LANGUAGE_STANDARD = "gnu++14";
				CLANG_CXX_LIBRARY = "libc++";
				CLANG_ENABLE_MODULES = YES;
				CLANG_ENABLE_OBJC_ARC = YES;
				CLANG_ENABLE_OBJC_WEAK = YES;
				CLANG_WARN_BLOCK_CAPTURE_AUTORELEASING = YES;
				CLANG_WARN_BOOL_CONVERSION = YES;
				CLANG_WARN_COMMA = YES;
				CLANG_WARN_CONSTANT_CONVERSION = YES;
				CLANG_WARN_DEPRECATED_OBJC_IMPLEMENTATIONS = YES;
				CLANG_WARN_DIRECT_OBJC_ISA_USAGE = YES_ERROR;
				CLANG_WARN_DOCUMENTATION_COMMENTS = YES;
				CLANG_WARN_EMPTY_BODY = YES;
				CLANG_WARN_ENUM_CONVERSION = YES;
				CLANG_WARN_INFINITE_RECURSION = YES;
				CLANG_WARN_INT_CONVERSION = YES;
				CLANG_WARN_NON_LITERAL_NULL_CONVERSION = YES;
				CLANG_WARN_OBJC_IMPLICIT_RETAIN_SELF = YES;
				CLANG_WARN_OBJC_LITERAL_CONVERSION = YES;
				CLANG_WARN_OBJC_ROOT_CLASS = YES_ERROR;
				CLANG_WARN_RANGE_LOOP_ANALYSIS = YES;
				CLANG_WARN_STRICT_PROTOTYPES = YES;
				CLANG_WARN_SUSPICIOUS_MOVE = YES;
				CLANG_WARN_UNGUARDED_AVAILABILITY = YES_AGGRESSIVE;
				CLANG_WARN_UNREACHABLE_CODE = YES;
				CLANG_WARN__DUPLICATE_METHOD_MATCH = YES;
				COPY_PHASE_STRIP = NO;
				DEBUG_INFORMATION_FORMAT = dwarf;
				ENABLE_STRICT_OBJC_MSGSEND = YES;
				ENABLE_TESTABILITY = YES;
				GCC_C_LANGUAGE_STANDARD = gnu11;
				GCC_DYNAMIC_NO_PIC = NO;
				GCC_NO_COMMON_BLOCKS = YES;
				GCC_OPTIMIZATION_LEVEL = 0;
				GCC_PREPROCESSOR_DEFINITIONS = (
					"DEBUG=1",
					"$(inherited)",
				);
				GCC_WARN_64_TO_32_BIT_CONVERSION = YES;
				GCC_WARN_ABOUT_RETURN_TYPE = YES_ERROR;
				GCC_WARN_UNDECLARED_SELECTOR = YES;
				GCC_WARN_UNINITIALIZED_AUTOS = YES_AGGRESSIVE;
				GCC_WARN_UNUSED_FUNCTION = YES;
				GCC_WARN_UNUSED_VARIABLE = YES;
				IPHONEOS_DEPLOYMENT_TARGET = 13.2;
				MTL_ENABLE_DEBUG_INFO = INCLUDE_SOURCE;
				MTL_FAST_MATH = YES;
				ONLY_ACTIVE_ARCH = YES;
				SDKROOT = iphoneos;
				SWIFT_ACTIVE_COMPILATION_CONDITIONS = DEBUG;
				SWIFT_OPTIMIZATION_LEVEL = "-Onone";
			};
			name = Debug;
		};
		F13BC3922420022100CAFD46 /* Release */ = {
			isa = XCBuildConfiguration;
			buildSettings = {
				ALWAYS_SEARCH_USER_PATHS = NO;
				CLANG_ANALYZER_NONNULL = YES;
				CLANG_ANALYZER_NUMBER_OBJECT_CONVERSION = YES_AGGRESSIVE;
				CLANG_CXX_LANGUAGE_STANDARD = "gnu++14";
				CLANG_CXX_LIBRARY = "libc++";
				CLANG_ENABLE_MODULES = YES;
				CLANG_ENABLE_OBJC_ARC = YES;
				CLANG_ENABLE_OBJC_WEAK = YES;
				CLANG_WARN_BLOCK_CAPTURE_AUTORELEASING = YES;
				CLANG_WARN_BOOL_CONVERSION = YES;
				CLANG_WARN_COMMA = YES;
				CLANG_WARN_CONSTANT_CONVERSION = YES;
				CLANG_WARN_DEPRECATED_OBJC_IMPLEMENTATIONS = YES;
				CLANG_WARN_DIRECT_OBJC_ISA_USAGE = YES_ERROR;
				CLANG_WARN_DOCUMENTATION_COMMENTS = YES;
				CLANG_WARN_EMPTY_BODY = YES;
				CLANG_WARN_ENUM_CONVERSION = YES;
				CLANG_WARN_INFINITE_RECURSION = YES;
				CLANG_WARN_INT_CONVERSION = YES;
				CLANG_WARN_NON_LITERAL_NULL_CONVERSION = YES;
				CLANG_WARN_OBJC_IMPLICIT_RETAIN_SELF = YES;
				CLANG_WARN_OBJC_LITERAL_CONVERSION = YES;
				CLANG_WARN_OBJC_ROOT_CLASS = YES_ERROR;
				CLANG_WARN_RANGE_LOOP_ANALYSIS = YES;
				CLANG_WARN_STRICT_PROTOTYPES = YES;
				CLANG_WARN_SUSPICIOUS_MOVE = YES;
				CLANG_WARN_UNGUARDED_AVAILABILITY = YES_AGGRESSIVE;
				CLANG_WARN_UNREACHABLE_CODE = YES;
				CLANG_WARN__DUPLICATE_METHOD_MATCH = YES;
				COPY_PHASE_STRIP = NO;
				DEBUG_INFORMATION_FORMAT = "dwarf-with-dsym";
				ENABLE_NS_ASSERTIONS = NO;
				ENABLE_STRICT_OBJC_MSGSEND = YES;
				GCC_C_LANGUAGE_STANDARD = gnu11;
				GCC_NO_COMMON_BLOCKS = YES;
				GCC_WARN_64_TO_32_BIT_CONVERSION = YES;
				GCC_WARN_ABOUT_RETURN_TYPE = YES_ERROR;
				GCC_WARN_UNDECLARED_SELECTOR = YES;
				GCC_WARN_UNINITIALIZED_AUTOS = YES_AGGRESSIVE;
				GCC_WARN_UNUSED_FUNCTION = YES;
				GCC_WARN_UNUSED_VARIABLE = YES;
				IPHONEOS_DEPLOYMENT_TARGET = 13.2;
				MTL_ENABLE_DEBUG_INFO = NO;
				MTL_FAST_MATH = YES;
				SDKROOT = iphoneos;
				SWIFT_COMPILATION_MODE = wholemodule;
				SWIFT_OPTIMIZATION_LEVEL = "-O";
				VALIDATE_PRODUCT = YES;
			};
			name = Release;
		};
		F13BC3942420022100CAFD46 /* Debug */ = {
			isa = XCBuildConfiguration;
			buildSettings = {
				ASSETCATALOG_COMPILER_APPICON_NAME = AppIcon;
				CODE_SIGN_STYLE = Automatic;
				DEVELOPMENT_TEAM = 3N3SUWK76F;
				FRAMEWORK_SEARCH_PATHS = (
					"$(inherited)",
					"$(PROJECT_DIR)",
				);
				INFOPLIST_FILE = "jobics-tracker/Info.plist";
				LD_RUNPATH_SEARCH_PATHS = (
					"$(inherited)",
					"@executable_path/Frameworks",
				);
				PRODUCT_BUNDLE_IDENTIFIER = "com.mitya1234.jobics-tracker";
				PRODUCT_NAME = "$(TARGET_NAME)";
				SWIFT_VERSION = 5.0;
				TARGETED_DEVICE_FAMILY = "1,2";
			};
			name = Debug;
		};
		F13BC3952420022100CAFD46 /* Release */ = {
			isa = XCBuildConfiguration;
			buildSettings = {
				ASSETCATALOG_COMPILER_APPICON_NAME = AppIcon;
				CODE_SIGN_STYLE = Automatic;
				DEVELOPMENT_TEAM = 3N3SUWK76F;
				FRAMEWORK_SEARCH_PATHS = (
					"$(inherited)",
					"$(PROJECT_DIR)",
				);
				INFOPLIST_FILE = "jobics-tracker/Info.plist";
				LD_RUNPATH_SEARCH_PATHS = (
					"$(inherited)",
					"@executable_path/Frameworks",
				);
				PRODUCT_BUNDLE_IDENTIFIER = "com.mitya1234.jobics-tracker";
				PRODUCT_NAME = "$(TARGET_NAME)";
				SWIFT_VERSION = 5.0;
				TARGETED_DEVICE_FAMILY = "1,2";
			};
			name = Release;
		};
		F13BC3A12420076300CAFD46 /* Debug */ = {
			isa = XCBuildConfiguration;
			buildSettings = {
				BUNDLE_LOADER = "$(TEST_HOST)";
				CODE_SIGN_STYLE = Automatic;
				DEVELOPMENT_TEAM = 3N3SUWK76F;
				INFOPLIST_FILE = "jobics-trackerTests/Info.plist";
				LD_RUNPATH_SEARCH_PATHS = (
					"$(inherited)",
					"@executable_path/Frameworks",
					"@loader_path/Frameworks",
				);
				PRODUCT_BUNDLE_IDENTIFIER = "com.mitya1234.jobics-trackerTests";
				PRODUCT_NAME = "$(TARGET_NAME)";
				SWIFT_VERSION = 5.0;
				TARGETED_DEVICE_FAMILY = "1,2";
				TEST_HOST = "$(BUILT_PRODUCTS_DIR)/jobics-tracker.app/jobics-tracker";
			};
			name = Debug;
		};
		F13BC3A22420076300CAFD46 /* Release */ = {
			isa = XCBuildConfiguration;
			buildSettings = {
				BUNDLE_LOADER = "$(TEST_HOST)";
				CODE_SIGN_STYLE = Automatic;
				DEVELOPMENT_TEAM = 3N3SUWK76F;
				INFOPLIST_FILE = "jobics-trackerTests/Info.plist";
				LD_RUNPATH_SEARCH_PATHS = (
					"$(inherited)",
					"@executable_path/Frameworks",
					"@loader_path/Frameworks",
				);
				PRODUCT_BUNDLE_IDENTIFIER = "com.mitya1234.jobics-trackerTests";
				PRODUCT_NAME = "$(TARGET_NAME)";
				SWIFT_VERSION = 5.0;
				TARGETED_DEVICE_FAMILY = "1,2";
				TEST_HOST = "$(BUILT_PRODUCTS_DIR)/jobics-tracker.app/jobics-tracker";
			};
			name = Release;
		};
/* End XCBuildConfiguration section */

/* Begin XCConfigurationList section */
		F13BC37A2420021D00CAFD46 /* Build configuration list for PBXProject "jobics-tracker" */ = {
			isa = XCConfigurationList;
			buildConfigurations = (
				F13BC3912420022100CAFD46 /* Debug */,
				F13BC3922420022100CAFD46 /* Release */,
			);
			defaultConfigurationIsVisible = 0;
			defaultConfigurationName = Release;
		};
		F13BC3932420022100CAFD46 /* Build configuration list for PBXNativeTarget "jobics-tracker" */ = {
			isa = XCConfigurationList;
			buildConfigurations = (
				F13BC3942420022100CAFD46 /* Debug */,
				F13BC3952420022100CAFD46 /* Release */,
			);
			defaultConfigurationIsVisible = 0;
			defaultConfigurationName = Release;
		};
		F13BC3A32420076300CAFD46 /* Build configuration list for PBXNativeTarget "jobics-trackerTests" */ = {
			isa = XCConfigurationList;
			buildConfigurations = (
				F13BC3A12420076300CAFD46 /* Debug */,
				F13BC3A22420076300CAFD46 /* Release */,
			);
			defaultConfigurationIsVisible = 0;
			defaultConfigurationName = Release;
		};
/* End XCConfigurationList section */
	};
	rootObject = F13BC3772420021D00CAFD46 /* Project object */;
}
